
Microsoft Visual Studio Solution File, Format Version 12.00
# Visual Studio Version 16
VisualStudioVersion = 16.0.30503.244
MinimumVisualStudioVersion = 10.0.40219.1
Project("{FAE04EC0-301F-11D3-BF4B-00C04F79EFBC}") = "LR3_4", "LR3_4\LR3_4.csproj", "{80C3CF51-2FAF-47CF-BC15-38FAC49FE051}"
EndProject
Project("{FAE04EC0-301F-11D3-BF4B-00C04F79EFBC}") = "LR3_4.Tests", "LR3_4.Tests\LR3_4.Tests.csproj", "{7B901E2F-F69B-4CB5-BC1F-FA5992193DA2}"
EndProject
Global
	GlobalSection(SolutionConfigurationPlatforms) = preSolution
		Debug|Any CPU = Debug|Any CPU
		Release|Any CPU = Release|Any CPU
	EndGlobalSection
	GlobalSection(ProjectConfigurationPlatforms) = postSolution
		{80C3CF51-2FAF-47CF-BC15-38FAC49FE051}.Debug|Any CPU.ActiveCfg = Debug|Any CPU
		{80C3CF51-2FAF-47CF-BC15-38FAC49FE051}.Debug|Any CPU.Build.0 = Debug|Any CPU
		{80C3CF51-2FAF-47CF-BC15-38FAC49FE051}.Release|Any CPU.ActiveCfg = Release|Any CPU
		{80C3CF51-2FAF-47CF-BC15-38FAC49FE051}.Release|Any CPU.Build.0 = Release|Any CPU
		{7B901E2F-F69B-4CB5-BC1F-FA5992193DA2}.Debug|Any CPU.ActiveCfg = Debug|Any CPU
		{7B901E2F-F69B-4CB5-BC1F-FA5992193DA2}.Debug|Any CPU.Build.0 = Debug|Any CPU
		{7B901E2F-F69B-4CB5-BC1F-FA5992193DA2}.Release|Any CPU.ActiveCfg = Release|Any CPU
		{7B901E2F-F69B-4CB5-BC1F-FA5992193DA2}.Release|Any CPU.Build.0 = Release|Any CPU
	EndGlobalSection
	GlobalSection(SolutionProperties) = preSolution
		HideSolutionNode = FALSE
	EndGlobalSection
	GlobalSection(ExtensibilityGlobals) = postSolution
		SolutionGuid = {17C42B8F-3870-4791-BA5B-9023ABFEB58D}
	EndGlobalSection
EndGlobal
